<?xml version="1.0" encoding="utf-8"?>
<Project ToolsVersion="4.0" xmlns="http://schemas.microsoft.com/developer/msbuild/2003">
  <ItemGroup>
    <Filter Include="00.Systems">
      <UniqueIdentifier>{1e534572-97c1-499b-ba12-a1cf3525855b}</UniqueIdentifier>
    </Filter>
    <Filter Include="01.Utilities">
      <UniqueIdentifier>{8223797f-66f7-4dfa-9a28-b8b660a5d290}</UniqueIdentifier>
    </Filter>
    <Filter Include="99.Headers">
      <UniqueIdentifier>{83308600-ab55-4f5b-b787-53c6008b7a67}</UniqueIdentifier>
    </Filter>
    <Filter Include="01.Utilities\00.Superclass">
      <UniqueIdentifier>{24913390-6d23-4d58-b8a2-f6fa889611c6}</UniqueIdentifier>
    </Filter>
    <Filter Include="00.Systems\00.Graphic_Device">
      <UniqueIdentifier>{1e587b62-eadb-4183-bcf4-f3b7b1749059}</UniqueIdentifier>
    </Filter>
    <Filter Include="01.Utilities\01.Management">
      <UniqueIdentifier>{9ba7a306-4906-43b5-8e95-114951b9bf3a}</UniqueIdentifier>
    </Filter>
    <Filter Include="01.Utilities\02.Scene">
      <UniqueIdentifier>{126fc763-3f43-463a-b73c-226e300918a5}</UniqueIdentifier>
    </Filter>
    <Filter Include="01.Utilities\02.Scene\00.Manager">
      <UniqueIdentifier>{d074546e-ad41-4a6e-a1a0-5d1bd9dbd788}</UniqueIdentifier>
    </Filter>
    <Filter Include="01.Utilities\03.Renderer">
      <UniqueIdentifier>{0946fb1d-f650-4345-996e-ceb526f1dc41}</UniqueIdentifier>
    </Filter>
    <Filter Include="01.Utilities\04.Gameobject">
      <UniqueIdentifier>{22247b7e-d39c-486f-8fd4-89801136d485}</UniqueIdentifier>
    </Filter>
    <Filter Include="01.Utilities\05.Component">
      <UniqueIdentifier>{1177c282-85e5-47d8-83d8-b6602e5dfc8a}</UniqueIdentifier>
    </Filter>
    <Filter Include="01.Utilities\05.Component\00.Manager">
      <UniqueIdentifier>{ec1ab109-1077-4a49-a6a3-601e211df950}</UniqueIdentifier>
    </Filter>
    <Filter Include="01.Utilities\04.Gameobject\00.Manager">
      <UniqueIdentifier>{3206f272-58f1-4437-9a2c-3e86686337cb}</UniqueIdentifier>
    </Filter>
    <Filter Include="01.Utilities\04.Gameobject\01.Layer">
      <UniqueIdentifier>{68872ae0-9369-44e8-bb72-d88e192a8792}</UniqueIdentifier>
    </Filter>
  </ItemGroup>
  <ItemGroup>
    <ClCompile Include="..\Codes\Base.cpp">
      <Filter>01.Utilities\00.Superclass</Filter>
    </ClCompile>
    <ClCompile Include="..\Codes\Graphic_Device.cpp">
      <Filter>00.Systems\00.Graphic_Device</Filter>
    </ClCompile>
    <ClCompile Include="..\Codes\Management.cpp">
      <Filter>01.Utilities\01.Management</Filter>
    </ClCompile>
    <ClCompile Include="..\Codes\Scene.cpp">
      <Filter>01.Utilities\02.Scene</Filter>
    </ClCompile>
    <ClCompile Include="..\Codes\SceneManager.cpp">
      <Filter>01.Utilities\02.Scene\00.Manager</Filter>
    </ClCompile>
    <ClCompile Include="..\Codes\GameObject.cpp">
      <Filter>01.Utilities\04.Gameobject</Filter>
    </ClCompile>
    <ClCompile Include="..\Codes\Component.cpp">
      <Filter>01.Utilities\05.Component</Filter>
    </ClCompile>
    <ClCompile Include="..\Codes\ComponentManager.cpp" />
    <ClCompile Include="..\Codes\GameObjectManager.cpp" />
    <ClCompile Include="..\Codes\Layer.cpp" />
  </ItemGroup>
  <ItemGroup>
    <ClInclude Include="..\Headers\Base.h">
      <Filter>01.Utilities\00.Superclass</Filter>
    </ClInclude>
    <ClInclude Include="..\Headers\Engine_Define.h">
      <Filter>99.Headers</Filter>
    </ClInclude>
    <ClInclude Include="..\Headers\Engine_Enum.h">
      <Filter>99.Headers</Filter>
    </ClInclude>
    <ClInclude Include="..\Headers\Engine_Function.h">
      <Filter>99.Headers</Filter>
    </ClInclude>
    <ClInclude Include="..\Headers\Engine_Include.h">
      <Filter>99.Headers</Filter>
    </ClInclude>
    <ClInclude Include="..\Headers\Engine_Struct.h">
      <Filter>99.Headers</Filter>
    </ClInclude>
    <ClInclude Include="..\Headers\Engine_Typedef.h">
      <Filter>99.Headers</Filter>
    </ClInclude>
    <ClInclude Include="..\Headers\Graphic_Device.h">
      <Filter>00.Systems\00.Graphic_Device</Filter>
    </ClInclude>
    <ClInclude Include="..\Headers\Management.h">
      <Filter>01.Utilities\01.Management</Filter>
    </ClInclude>
    <ClInclude Include="..\Headers\Scene.h">
      <Filter>01.Utilities\02.Scene</Filter>
    </ClInclude>
    <ClInclude Include="..\Headers\SceneManager.h">
      <Filter>01.Utilities\02.Scene\00.Manager</Filter>
    </ClInclude>
    <ClInclude Include="..\Headers\GameObject.h">
      <Filter>01.Utilities\04.Gameobject</Filter>
    </ClInclude>
    <ClInclude Include="..\Headers\Component.h">
      <Filter>01.Utilities\05.Component</Filter>
    </ClInclude>
    <ClInclude Include="..\Headers\ComponentManager.h" />
    <ClInclude Include="..\Headers\GameObjectManager.h" />
    <ClInclude Include="..\Headers\Layer.h" />
  </ItemGroup>
</Project>